
Microsoft Visual Studio Solution File, Format Version 12.00
# Visual Studio Version 16
VisualStudioVersion = 16.0.29102.190
MinimumVisualStudioVersion = 10.0.40219.1
Project("{FAE04EC0-301F-11D3-BF4B-00C04F79EFBC}") = "utaszallitok(g)", "utaszallitok(g)\utaszallitok(g).csproj", "{9654E4EF-B8BB-4FC9-86E8-B4C28D40A3FB}"
EndProject
Global
	GlobalSection(SolutionConfigurationPlatforms) = preSolution
		Debug|Any CPU = Debug|Any CPU
		Release|Any CPU = Release|Any CPU
	EndGlobalSection
	GlobalSection(ProjectConfigurationPlatforms) = postSolution
		{9654E4EF-B8BB-4FC9-86E8-B4C28D40A3FB}.Debug|Any CPU.ActiveCfg = Debug|Any CPU
		{9654E4EF-B8BB-4FC9-86E8-B4C28D40A3FB}.Debug|Any CPU.Build.0 = Debug|Any CPU
		{9654E4EF-B8BB-4FC9-86E8-B4C28D40A3FB}.Release|Any CPU.ActiveCfg = Release|Any CPU
		{9654E4EF-B8BB-4FC9-86E8-B4C28D40A3FB}.Release|Any CPU.Build.0 = Release|Any CPU
	EndGlobalSection
	GlobalSection(SolutionProperties) = preSolution
		HideSolutionNode = FALSE
	EndGlobalSection
	GlobalSection(ExtensibilityGlobals) = postSolution
		SolutionGuid = {95378564-7F51-4C8A-84D6-809894CFFBCD}
	EndGlobalSection
EndGlobal
